// !$*UTF8*$!
{
	archiveVersion = 1;
	classes = {
	};
	objectVersion = 50;
	objects = {

/* Begin PBXBuildFile section */
		600129C922D0E45B008B5CA7 /* AppDelegate.swift in Sources */ = {isa = PBXBuildFile; fileRef = 600129C822D0E45B008B5CA7 /* AppDelegate.swift */; };
		600129D022D0E462008B5CA7 /* Assets.xcassets in Resources */ = {isa = PBXBuildFile; fileRef = 600129CF22D0E462008B5CA7 /* Assets.xcassets */; };
		600129D322D0E462008B5CA7 /* LaunchScreen.storyboard in Resources */ = {isa = PBXBuildFile; fileRef = 600129D122D0E462008B5CA7 /* LaunchScreen.storyboard */; };
		600129EA22D0E69D008B5CA7 /* BasketController.swift in Sources */ = {isa = PBXBuildFile; fileRef = 600129E922D0E69D008B5CA7 /* BasketController.swift */; };
		600129EC22D0E6F1008B5CA7 /* data-source.json in Resources */ = {isa = PBXBuildFile; fileRef = 600129EB22D0E6F1008B5CA7 /* data-source.json */; };
		600129F722D11854008B5CA7 /* State.swift in Sources */ = {isa = PBXBuildFile; fileRef = 600129F622D11854008B5CA7 /* State.swift */; };
		600129F922D11937008B5CA7 /* Product.swift in Sources */ = {isa = PBXBuildFile; fileRef = 600129F822D11937008B5CA7 /* Product.swift */; };
		600129FF22D13C9F008B5CA7 /* Discount.swift in Sources */ = {isa = PBXBuildFile; fileRef = 600129FE22D13C9F008B5CA7 /* Discount.swift */; };
		60012A0F22D143B4008B5CA7 /* UIView.swift in Sources */ = {isa = PBXBuildFile; fileRef = 60012A0522D143B4008B5CA7 /* UIView.swift */; };
		60012A1022D143B4008B5CA7 /* Int.swift in Sources */ = {isa = PBXBuildFile; fileRef = 60012A0622D143B4008B5CA7 /* Int.swift */; };
		60012A1122D143B4008B5CA7 /* Formatter.swift in Sources */ = {isa = PBXBuildFile; fileRef = 60012A0722D143B4008B5CA7 /* Formatter.swift */; };
		60012A1522D143B4008B5CA7 /* Configurable.swift in Sources */ = {isa = PBXBuildFile; fileRef = 60012A0C22D143B4008B5CA7 /* Configurable.swift */; };
		60012A1622D143B4008B5CA7 /* GenericViewModel.swift in Sources */ = {isa = PBXBuildFile; fileRef = 60012A0D22D143B4008B5CA7 /* GenericViewModel.swift */; };
		60012A1722D143B4008B5CA7 /* ReusableCell.swift in Sources */ = {isa = PBXBuildFile; fileRef = 60012A0E22D143B4008B5CA7 /* ReusableCell.swift */; };
		60012A5122D195CF008B5CA7 /* Prototype.storyboard in Resources */ = {isa = PBXBuildFile; fileRef = 60012A5022D195CF008B5CA7 /* Prototype.storyboard */; };
		608F9D8C22D1F83C0073A022 /* ViewModel.swift in Sources */ = {isa = PBXBuildFile; fileRef = 608F9D8B22D1F83C0073A022 /* ViewModel.swift */; };
		60BDB99B22D1B86F006214A2 /* GenericCell.swift in Sources */ = {isa = PBXBuildFile; fileRef = 60BDB99A22D1B86F006214A2 /* GenericCell.swift */; };
		60BDB99D22D1B88C006214A2 /* ProductCell.swift in Sources */ = {isa = PBXBuildFile; fileRef = 60BDB99C22D1B88C006214A2 /* ProductCell.swift */; };
		60BDB9A022D1B8EE006214A2 /* TableStructure.swift in Sources */ = {isa = PBXBuildFile; fileRef = 60BDB99E22D1B8EE006214A2 /* TableStructure.swift */; };
		60BDB9A122D1B8EE006214A2 /* DataSource.swift in Sources */ = {isa = PBXBuildFile; fileRef = 60BDB99F22D1B8EE006214A2 /* DataSource.swift */; };
		60BDB9A322D1B92E006214A2 /* FileManager.swift in Sources */ = {isa = PBXBuildFile; fileRef = 60BDB9A222D1B92E006214A2 /* FileManager.swift */; };
		60BDB9A722D1C889006214A2 /* Calculator.swift in Sources */ = {isa = PBXBuildFile; fileRef = 60BDB9A622D1C889006214A2 /* Calculator.swift */; };
		60BDB9C722D1CE6B006214A2 /* CalculatorTests.swift in Sources */ = {isa = PBXBuildFile; fileRef = 60BDB9C622D1CE6B006214A2 /* CalculatorTests.swift */; };
		60BDB9C922D1E028006214A2 /* MockData.swift in Sources */ = {isa = PBXBuildFile; fileRef = 60BDB9C822D1E028006214A2 /* MockData.swift */; };
/* End PBXBuildFile section */

/* Begin PBXContainerItemProxy section */
		60BDB9BF22D1CDFA006214A2 /* PBXContainerItemProxy */ = {
			isa = PBXContainerItemProxy;
			containerPortal = 600129BD22D0E45B008B5CA7 /* Project object */;
			proxyType = 1;
			remoteGlobalIDString = 600129C422D0E45B008B5CA7;
			remoteInfo = ShoppingBasket;
		};
/* End PBXContainerItemProxy section */

/* Begin PBXFileReference section */
		600129C522D0E45B008B5CA7 /* ShoppingBasket.app */ = {isa = PBXFileReference; explicitFileType = wrapper.application; includeInIndex = 0; path = ShoppingBasket.app; sourceTree = BUILT_PRODUCTS_DIR; };
		600129C822D0E45B008B5CA7 /* AppDelegate.swift */ = {isa = PBXFileReference; lastKnownFileType = sourcecode.swift; path = AppDelegate.swift; sourceTree = "<group>"; };
		600129CF22D0E462008B5CA7 /* Assets.xcassets */ = {isa = PBXFileReference; lastKnownFileType = folder.assetcatalog; path = Assets.xcassets; sourceTree = "<group>"; };
		600129D222D0E462008B5CA7 /* Base */ = {isa = PBXFileReference; lastKnownFileType = file.storyboard; name = Base; path = Base.lproj/LaunchScreen.storyboard; sourceTree = "<group>"; };
		600129D422D0E462008B5CA7 /* Info.plist */ = {isa = PBXFileReference; lastKnownFileType = text.plist.xml; path = Info.plist; sourceTree = "<group>"; };
		600129E922D0E69D008B5CA7 /* BasketController.swift */ = {isa = PBXFileReference; lastKnownFileType = sourcecode.swift; name = BasketController.swift; path = /Users/emile/Projects/ShoppingBasket/ShoppingBasket/BasketController.swift; sourceTree = "<absolute>"; };
		600129EB22D0E6F1008B5CA7 /* data-source.json */ = {isa = PBXFileReference; fileEncoding = 4; lastKnownFileType = text.json; path = "data-source.json"; sourceTree = "<group>"; };
		600129F622D11854008B5CA7 /* State.swift */ = {isa = PBXFileReference; lastKnownFileType = sourcecode.swift; path = State.swift; sourceTree = "<group>"; };
		600129F822D11937008B5CA7 /* Product.swift */ = {isa = PBXFileReference; lastKnownFileType = sourcecode.swift; path = Product.swift; sourceTree = "<group>"; };
		600129FE22D13C9F008B5CA7 /* Discount.swift */ = {isa = PBXFileReference; lastKnownFileType = sourcecode.swift; path = Discount.swift; sourceTree = "<group>"; };
		60012A0522D143B4008B5CA7 /* UIView.swift */ = {isa = PBXFileReference; fileEncoding = 4; lastKnownFileType = sourcecode.swift; path = UIView.swift; sourceTree = "<group>"; };
		60012A0622D143B4008B5CA7 /* Int.swift */ = {isa = PBXFileReference; fileEncoding = 4; lastKnownFileType = sourcecode.swift; path = Int.swift; sourceTree = "<group>"; };
		60012A0722D143B4008B5CA7 /* Formatter.swift */ = {isa = PBXFileReference; fileEncoding = 4; lastKnownFileType = sourcecode.swift; path = Formatter.swift; sourceTree = "<group>"; };
		60012A0C22D143B4008B5CA7 /* Configurable.swift */ = {isa = PBXFileReference; fileEncoding = 4; lastKnownFileType = sourcecode.swift; path = Configurable.swift; sourceTree = "<group>"; };
		60012A0D22D143B4008B5CA7 /* GenericViewModel.swift */ = {isa = PBXFileReference; fileEncoding = 4; lastKnownFileType = sourcecode.swift; path = GenericViewModel.swift; sourceTree = "<group>"; };
		60012A0E22D143B4008B5CA7 /* ReusableCell.swift */ = {isa = PBXFileReference; fileEncoding = 4; lastKnownFileType = sourcecode.swift; path = ReusableCell.swift; sourceTree = "<group>"; };
		60012A5022D195CF008B5CA7 /* Prototype.storyboard */ = {isa = PBXFileReference; lastKnownFileType = file.storyboard; path = Prototype.storyboard; sourceTree = "<group>"; };
		608F9D8B22D1F83C0073A022 /* ViewModel.swift */ = {isa = PBXFileReference; fileEncoding = 4; lastKnownFileType = sourcecode.swift; path = ViewModel.swift; sourceTree = "<group>"; };
		60BDB99A22D1B86F006214A2 /* GenericCell.swift */ = {isa = PBXFileReference; lastKnownFileType = sourcecode.swift; path = GenericCell.swift; sourceTree = "<group>"; };
		60BDB99C22D1B88C006214A2 /* ProductCell.swift */ = {isa = PBXFileReference; lastKnownFileType = sourcecode.swift; path = ProductCell.swift; sourceTree = "<group>"; };
		60BDB99E22D1B8EE006214A2 /* TableStructure.swift */ = {isa = PBXFileReference; fileEncoding = 4; lastKnownFileType = sourcecode.swift; path = TableStructure.swift; sourceTree = "<group>"; };
		60BDB99F22D1B8EE006214A2 /* DataSource.swift */ = {isa = PBXFileReference; fileEncoding = 4; lastKnownFileType = sourcecode.swift; path = DataSource.swift; sourceTree = "<group>"; };
		60BDB9A222D1B92E006214A2 /* FileManager.swift */ = {isa = PBXFileReference; fileEncoding = 4; lastKnownFileType = sourcecode.swift; path = FileManager.swift; sourceTree = "<group>"; };
		60BDB9A622D1C889006214A2 /* Calculator.swift */ = {isa = PBXFileReference; lastKnownFileType = sourcecode.swift; path = Calculator.swift; sourceTree = "<group>"; };
		60BDB9BA22D1CDFA006214A2 /* ShoppingBasketTests.xctest */ = {isa = PBXFileReference; explicitFileType = wrapper.cfbundle; includeInIndex = 0; path = ShoppingBasketTests.xctest; sourceTree = BUILT_PRODUCTS_DIR; };
		60BDB9BE22D1CDFA006214A2 /* Info.plist */ = {isa = PBXFileReference; lastKnownFileType = text.plist.xml; path = Info.plist; sourceTree = "<group>"; };
		60BDB9C622D1CE6B006214A2 /* CalculatorTests.swift */ = {isa = PBXFileReference; lastKnownFileType = sourcecode.swift; path = CalculatorTests.swift; sourceTree = "<group>"; };
		60BDB9C822D1E028006214A2 /* MockData.swift */ = {isa = PBXFileReference; lastKnownFileType = sourcecode.swift; path = MockData.swift; sourceTree = "<group>"; };
/* End PBXFileReference section */

/* Begin PBXFrameworksBuildPhase section */
		600129C222D0E45B008B5CA7 /* Frameworks */ = {
			isa = PBXFrameworksBuildPhase;
			buildActionMask = 2147483647;
			files = (
			);
			runOnlyForDeploymentPostprocessing = 0;
		};
		60BDB9B722D1CDFA006214A2 /* Frameworks */ = {
			isa = PBXFrameworksBuildPhase;
			buildActionMask = 2147483647;
			files = (
			);
			runOnlyForDeploymentPostprocessing = 0;
		};
/* End PBXFrameworksBuildPhase section */

/* Begin PBXGroup section */
		600129BC22D0E45B008B5CA7 = {
			isa = PBXGroup;
			children = (
				600129C722D0E45B008B5CA7 /* ShoppingBasket */,
				60BDB9BB22D1CDFA006214A2 /* ShoppingBasketTests */,
				600129C622D0E45B008B5CA7 /* Products */,
			);
			sourceTree = "<group>";
		};
		600129C622D0E45B008B5CA7 /* Products */ = {
			isa = PBXGroup;
			children = (
				600129C522D0E45B008B5CA7 /* ShoppingBasket.app */,
				60BDB9BA22D1CDFA006214A2 /* ShoppingBasketTests.xctest */,
			);
			name = Products;
			sourceTree = "<group>";
		};
		600129C722D0E45B008B5CA7 /* ShoppingBasket */ = {
			isa = PBXGroup;
			children = (
				600129C822D0E45B008B5CA7 /* AppDelegate.swift */,
				600129F122D1002D008B5CA7 /* View */,
				600129F222D1003D008B5CA7 /* Model */,
				600129F322D10049008B5CA7 /* ViewModel */,
				600129F422D10055008B5CA7 /* Service */,
				600129F522D10065008B5CA7 /* Utils */,
				600129E822D0E4CB008B5CA7 /* Resources */,
			);
			path = ShoppingBasket;
			sourceTree = "<group>";
		};
		600129E822D0E4CB008B5CA7 /* Resources */ = {
			isa = PBXGroup;
			children = (
				600129D422D0E462008B5CA7 /* Info.plist */,
				600129EF22D0EF08008B5CA7 /* Data */,
				60BDB99522D19E3E006214A2 /* UI */,
				600129F022D0EF14008B5CA7 /* Assets */,
			);
			path = Resources;
			sourceTree = "<group>";
		};
		600129EF22D0EF08008B5CA7 /* Data */ = {
			isa = PBXGroup;
			children = (
				600129EB22D0E6F1008B5CA7 /* data-source.json */,
			);
			path = Data;
			sourceTree = "<group>";
		};
		600129F022D0EF14008B5CA7 /* Assets */ = {
			isa = PBXGroup;
			children = (
				600129CF22D0E462008B5CA7 /* Assets.xcassets */,
				600129D122D0E462008B5CA7 /* LaunchScreen.storyboard */,
			);
			path = Assets;
			sourceTree = "<group>";
		};
		600129F122D1002D008B5CA7 /* View */ = {
			isa = PBXGroup;
			children = (
				600129E922D0E69D008B5CA7 /* BasketController.swift */,
				60BDB99E22D1B8EE006214A2 /* TableStructure.swift */,
				60BDB99F22D1B8EE006214A2 /* DataSource.swift */,
				608F9D8D22D1F9AC0073A022 /* Cell */,
			);
			path = View;
			sourceTree = "<group>";
		};
		600129F222D1003D008B5CA7 /* Model */ = {
			isa = PBXGroup;
			children = (
				600129F822D11937008B5CA7 /* Product.swift */,
				600129FE22D13C9F008B5CA7 /* Discount.swift */,
				600129F622D11854008B5CA7 /* State.swift */,
			);
			path = Model;
			sourceTree = "<group>";
		};
		600129F322D10049008B5CA7 /* ViewModel */ = {
			isa = PBXGroup;
			children = (
				608F9D8B22D1F83C0073A022 /* ViewModel.swift */,
			);
			path = ViewModel;
			sourceTree = "<group>";
		};
		600129F422D10055008B5CA7 /* Service */ = {
			isa = PBXGroup;
			children = (
				60BDB9A622D1C889006214A2 /* Calculator.swift */,
				60BDB9A222D1B92E006214A2 /* FileManager.swift */,
			);
			path = Service;
			sourceTree = "<group>";
		};
		600129F522D10065008B5CA7 /* Utils */ = {
			isa = PBXGroup;
			children = (
				60012A0422D143B4008B5CA7 /* Extensions */,
				60012A0B22D143B4008B5CA7 /* Protocols */,
			);
			path = Utils;
			sourceTree = "<group>";
		};
		60012A0422D143B4008B5CA7 /* Extensions */ = {
			isa = PBXGroup;
			children = (
				60012A0522D143B4008B5CA7 /* UIView.swift */,
				60012A0622D143B4008B5CA7 /* Int.swift */,
				60012A0722D143B4008B5CA7 /* Formatter.swift */,
			);
			path = Extensions;
			sourceTree = "<group>";
		};
		60012A0B22D143B4008B5CA7 /* Protocols */ = {
			isa = PBXGroup;
			children = (
				60012A0C22D143B4008B5CA7 /* Configurable.swift */,
				60012A0D22D143B4008B5CA7 /* GenericViewModel.swift */,
				60012A0E22D143B4008B5CA7 /* ReusableCell.swift */,
			);
			path = Protocols;
			sourceTree = "<group>";
		};
		608F9D8D22D1F9AC0073A022 /* Cell */ = {
			isa = PBXGroup;
			children = (
				60BDB99A22D1B86F006214A2 /* GenericCell.swift */,
				60BDB99C22D1B88C006214A2 /* ProductCell.swift */,
			);
			path = Cell;
			sourceTree = "<group>";
		};
		60BDB99522D19E3E006214A2 /* UI */ = {
			isa = PBXGroup;
			children = (
				60012A5022D195CF008B5CA7 /* Prototype.storyboard */,
			);
			path = UI;
			sourceTree = "<group>";
		};
		60BDB9BB22D1CDFA006214A2 /* ShoppingBasketTests */ = {
			isa = PBXGroup;
			children = (
				60BDB9BE22D1CDFA006214A2 /* Info.plist */,
				60BDB9C822D1E028006214A2 /* MockData.swift */,
				60BDB9C622D1CE6B006214A2 /* CalculatorTests.swift */,
			);
			path = ShoppingBasketTests;
			sourceTree = "<group>";
		};
/* End PBXGroup section */

/* Begin PBXNativeTarget section */
		600129C422D0E45B008B5CA7 /* ShoppingBasket */ = {
			isa = PBXNativeTarget;
			buildConfigurationList = 600129E222D0E463008B5CA7 /* Build configuration list for PBXNativeTarget "ShoppingBasket" */;
			buildPhases = (
				600129C122D0E45B008B5CA7 /* Sources */,
				600129C222D0E45B008B5CA7 /* Frameworks */,
				600129C322D0E45B008B5CA7 /* Resources */,
			);
			buildRules = (
			);
			dependencies = (
			);
			name = ShoppingBasket;
			productName = ShoppingBasket;
			productReference = 600129C522D0E45B008B5CA7 /* ShoppingBasket.app */;
			productType = "com.apple.product-type.application";
		};
		60BDB9B922D1CDFA006214A2 /* ShoppingBasketTests */ = {
			isa = PBXNativeTarget;
			buildConfigurationList = 60BDB9C122D1CDFA006214A2 /* Build configuration list for PBXNativeTarget "ShoppingBasketTests" */;
			buildPhases = (
				60BDB9B622D1CDFA006214A2 /* Sources */,
				60BDB9B722D1CDFA006214A2 /* Frameworks */,
				60BDB9B822D1CDFA006214A2 /* Resources */,
			);
			buildRules = (
			);
			dependencies = (
				60BDB9C022D1CDFA006214A2 /* PBXTargetDependency */,
			);
			name = ShoppingBasketTests;
			productName = ShoppingBasketTests;
			productReference = 60BDB9BA22D1CDFA006214A2 /* ShoppingBasketTests.xctest */;
			productType = "com.apple.product-type.bundle.unit-test";
		};
/* End PBXNativeTarget section */

/* Begin PBXProject section */
		600129BD22D0E45B008B5CA7 /* Project object */ = {
			isa = PBXProject;
			attributes = {
				LastSwiftUpdateCheck = 1020;
				LastUpgradeCheck = 1020;
				ORGANIZATIONNAME = emile;
				TargetAttributes = {
					600129C422D0E45B008B5CA7 = {
						CreatedOnToolsVersion = 10.2.1;
					};
					60BDB9B922D1CDFA006214A2 = {
						CreatedOnToolsVersion = 10.2.1;
						LastSwiftMigration = 1020;
						TestTargetID = 600129C422D0E45B008B5CA7;
					};
				};
			};
			buildConfigurationList = 600129C022D0E45B008B5CA7 /* Build configuration list for PBXProject "ShoppingBasket" */;
			compatibilityVersion = "Xcode 9.3";
			developmentRegion = en;
			hasScannedForEncodings = 0;
			knownRegions = (
				en,
				Base,
			);
			mainGroup = 600129BC22D0E45B008B5CA7;
			productRefGroup = 600129C622D0E45B008B5CA7 /* Products */;
			projectDirPath = "";
			projectRoot = "";
			targets = (
				600129C422D0E45B008B5CA7 /* ShoppingBasket */,
				60BDB9B922D1CDFA006214A2 /* ShoppingBasketTests */,
			);
		};
/* End PBXProject section */

/* Begin PBXResourcesBuildPhase section */
		600129C322D0E45B008B5CA7 /* Resources */ = {
			isa = PBXResourcesBuildPhase;
			buildActionMask = 2147483647;
			files = (
				600129D322D0E462008B5CA7 /* LaunchScreen.storyboard in Resources */,
				60012A5122D195CF008B5CA7 /* Prototype.storyboard in Resources */,
				600129D022D0E462008B5CA7 /* Assets.xcassets in Resources */,
				600129EC22D0E6F1008B5CA7 /* data-source.json in Resources */,
			);
			runOnlyForDeploymentPostprocessing = 0;
		};
		60BDB9B822D1CDFA006214A2 /* Resources */ = {
			isa = PBXResourcesBuildPhase;
			buildActionMask = 2147483647;
			files = (
			);
			runOnlyForDeploymentPostprocessing = 0;
		};
/* End PBXResourcesBuildPhase section */

/* Begin PBXSourcesBuildPhase section */
		600129C122D0E45B008B5CA7 /* Sources */ = {
			isa = PBXSourcesBuildPhase;
			buildActionMask = 2147483647;
			files = (
				60BDB99B22D1B86F006214A2 /* GenericCell.swift in Sources */,
				600129C922D0E45B008B5CA7 /* AppDelegate.swift in Sources */,
				60BDB9A722D1C889006214A2 /* Calculator.swift in Sources */,
				60012A1722D143B4008B5CA7 /* ReusableCell.swift in Sources */,
				600129FF22D13C9F008B5CA7 /* Discount.swift in Sources */,
				60012A1122D143B4008B5CA7 /* Formatter.swift in Sources */,
				60BDB9A122D1B8EE006214A2 /* DataSource.swift in Sources */,
				60012A0F22D143B4008B5CA7 /* UIView.swift in Sources */,
				60BDB9A322D1B92E006214A2 /* FileManager.swift in Sources */,
				60012A1522D143B4008B5CA7 /* Configurable.swift in Sources */,
				608F9D8C22D1F83C0073A022 /* ViewModel.swift in Sources */,
				60BDB9A022D1B8EE006214A2 /* TableStructure.swift in Sources */,
				600129F922D11937008B5CA7 /* Product.swift in Sources */,
				600129EA22D0E69D008B5CA7 /* BasketController.swift in Sources */,
				600129F722D11854008B5CA7 /* State.swift in Sources */,
				60012A1622D143B4008B5CA7 /* GenericViewModel.swift in Sources */,
				60012A1022D143B4008B5CA7 /* Int.swift in Sources */,
				60BDB99D22D1B88C006214A2 /* ProductCell.swift in Sources */,
			);
			runOnlyForDeploymentPostprocessing = 0;
		};
		60BDB9B622D1CDFA006214A2 /* Sources */ = {
			isa = PBXSourcesBuildPhase;
			buildActionMask = 2147483647;
			files = (
				60BDB9C722D1CE6B006214A2 /* CalculatorTests.swift in Sources */,
				60BDB9C922D1E028006214A2 /* MockData.swift in Sources */,
			);
			runOnlyForDeploymentPostprocessing = 0;
		};
/* End PBXSourcesBuildPhase section */

/* Begin PBXTargetDependency section */
		60BDB9C022D1CDFA006214A2 /* PBXTargetDependency */ = {
			isa = PBXTargetDependency;
			target = 600129C422D0E45B008B5CA7 /* ShoppingBasket */;
			targetProxy = 60BDB9BF22D1CDFA006214A2 /* PBXContainerItemProxy */;
		};
/* End PBXTargetDependency section */

/* Begin PBXVariantGroup section */
		600129D122D0E462008B5CA7 /* LaunchScreen.storyboard */ = {
			isa = PBXVariantGroup;
			children = (
				600129D222D0E462008B5CA7 /* Base */,
			);
			name = LaunchScreen.storyboard;
			sourceTree = "<group>";
		};
/* End PBXVariantGroup section */

/* Begin XCBuildConfiguration section */
		600129E022D0E463008B5CA7 /* Debug */ = {
			isa = XCBuildConfiguration;
			buildSettings = {
				ALWAYS_SEARCH_USER_PATHS = NO;
				CLANG_ANALYZER_NONNULL = YES;
				CLANG_ANALYZER_NUMBER_OBJECT_CONVERSION = YES_AGGRESSIVE;
				CLANG_CXX_LANGUAGE_STANDARD = "gnu++14";
				CLANG_CXX_LIBRARY = "libc++";
				CLANG_ENABLE_MODULES = YES;
				CLANG_ENABLE_OBJC_ARC = YES;
				CLANG_ENABLE_OBJC_WEAK = YES;
				CLANG_WARN_BLOCK_CAPTURE_AUTORELEASING = YES;
				CLANG_WARN_BOOL_CONVERSION = YES;
				CLANG_WARN_COMMA = YES;
				CLANG_WARN_CONSTANT_CONVERSION = YES;
				CLANG_WARN_DEPRECATED_OBJC_IMPLEMENTATIONS = YES;
				CLANG_WARN_DIRECT_OBJC_ISA_USAGE = YES_ERROR;
				CLANG_WARN_DOCUMENTATION_COMMENTS = YES;
				CLANG_WARN_EMPTY_BODY = YES;
				CLANG_WARN_ENUM_CONVERSION = YES;
				CLANG_WARN_INFINITE_RECURSION = YES;
				CLANG_WARN_INT_CONVERSION = YES;
				CLANG_WARN_NON_LITERAL_NULL_CONVERSION = YES;
				CLANG_WARN_OBJC_IMPLICIT_RETAIN_SELF = YES;
				CLANG_WARN_OBJC_LITERAL_CONVERSION = YES;
				CLANG_WARN_OBJC_ROOT_CLASS = YES_ERROR;
				CLANG_WARN_RANGE_LOOP_ANALYSIS = YES;
				CLANG_WARN_STRICT_PROTOTYPES = YES;
				CLANG_WARN_SUSPICIOUS_MOVE = YES;
				CLANG_WARN_UNGUARDED_AVAILABILITY = YES_AGGRESSIVE;
				CLANG_WARN_UNREACHABLE_CODE = YES;
				CLANG_WARN__DUPLICATE_METHOD_MATCH = YES;
				CODE_SIGN_IDENTITY = "iPhone Developer";
				COPY_PHASE_STRIP = NO;
				DEBUG_INFORMATION_FORMAT = dwarf;
				ENABLE_STRICT_OBJC_MSGSEND = YES;
				ENABLE_TESTABILITY = YES;
				GCC_C_LANGUAGE_STANDARD = gnu11;
				GCC_DYNAMIC_NO_PIC = NO;
				GCC_NO_COMMON_BLOCKS = YES;
				GCC_OPTIMIZATION_LEVEL = 0;
				GCC_PREPROCESSOR_DEFINITIONS = (
					"DEBUG=1",
					"$(inherited)",
				);
				GCC_WARN_64_TO_32_BIT_CONVERSION = YES;
				GCC_WARN_ABOUT_RETURN_TYPE = YES_ERROR;
				GCC_WARN_UNDECLARED_SELECTOR = YES;
				GCC_WARN_UNINITIALIZED_AUTOS = YES_AGGRESSIVE;
				GCC_WARN_UNUSED_FUNCTION = YES;
				GCC_WARN_UNUSED_VARIABLE = YES;
				IPHONEOS_DEPLOYMENT_TARGET = 12.2;
				MTL_ENABLE_DEBUG_INFO = INCLUDE_SOURCE;
				MTL_FAST_MATH = YES;
				ONLY_ACTIVE_ARCH = YES;
				PRODUCT_NAME = ShoppingBasket;
				SDKROOT = iphoneos;
				SWIFT_ACTIVE_COMPILATION_CONDITIONS = DEBUG;
				SWIFT_OPTIMIZATION_LEVEL = "-Onone";
			};
			name = Debug;
		};
		600129E122D0E463008B5CA7 /* Release */ = {
			isa = XCBuildConfiguration;
			buildSettings = {
				ALWAYS_SEARCH_USER_PATHS = NO;
				CLANG_ANALYZER_NONNULL = YES;
				CLANG_ANALYZER_NUMBER_OBJECT_CONVERSION = YES_AGGRESSIVE;
				CLANG_CXX_LANGUAGE_STANDARD = "gnu++14";
				CLANG_CXX_LIBRARY = "libc++";
				CLANG_ENABLE_MODULES = YES;
				CLANG_ENABLE_OBJC_ARC = YES;
				CLANG_ENABLE_OBJC_WEAK = YES;
				CLANG_WARN_BLOCK_CAPTURE_AUTORELEASING = YES;
				CLANG_WARN_BOOL_CONVERSION = YES;
				CLANG_WARN_COMMA = YES;
				CLANG_WARN_CONSTANT_CONVERSION = YES;
				CLANG_WARN_DEPRECATED_OBJC_IMPLEMENTATIONS = YES;
				CLANG_WARN_DIRECT_OBJC_ISA_USAGE = YES_ERROR;
				CLANG_WARN_DOCUMENTATION_COMMENTS = YES;
				CLANG_WARN_EMPTY_BODY = YES;
				CLANG_WARN_ENUM_CONVERSION = YES;
				CLANG_WARN_INFINITE_RECURSION = YES;
				CLANG_WARN_INT_CONVERSION = YES;
				CLANG_WARN_NON_LITERAL_NULL_CONVERSION = YES;
				CLANG_WARN_OBJC_IMPLICIT_RETAIN_SELF = YES;
				CLANG_WARN_OBJC_LITERAL_CONVERSION = YES;
				CLANG_WARN_OBJC_ROOT_CLASS = YES_ERROR;
				CLANG_WARN_RANGE_LOOP_ANALYSIS = YES;
				CLANG_WARN_STRICT_PROTOTYPES = YES;
				CLANG_WARN_SUSPICIOUS_MOVE = YES;
				CLANG_WARN_UNGUARDED_AVAILABILITY = YES_AGGRESSIVE;
				CLANG_WARN_UNREACHABLE_CODE = YES;
				CLANG_WARN__DUPLICATE_METHOD_MATCH = YES;
				CODE_SIGN_IDENTITY = "iPhone Developer";
				COPY_PHASE_STRIP = NO;
				DEBUG_INFORMATION_FORMAT = "dwarf-with-dsym";
				ENABLE_NS_ASSERTIONS = NO;
				ENABLE_STRICT_OBJC_MSGSEND = YES;
				GCC_C_LANGUAGE_STANDARD = gnu11;
				GCC_NO_COMMON_BLOCKS = YES;
				GCC_WARN_64_TO_32_BIT_CONVERSION = YES;
				GCC_WARN_ABOUT_RETURN_TYPE = YES_ERROR;
				GCC_WARN_UNDECLARED_SELECTOR = YES;
				GCC_WARN_UNINITIALIZED_AUTOS = YES_AGGRESSIVE;
				GCC_WARN_UNUSED_FUNCTION = YES;
				GCC_WARN_UNUSED_VARIABLE = YES;
				IPHONEOS_DEPLOYMENT_TARGET = 12.2;
				MTL_ENABLE_DEBUG_INFO = NO;
				MTL_FAST_MATH = YES;
				PRODUCT_NAME = ShoppingBasket;
				SDKROOT = iphoneos;
				SWIFT_COMPILATION_MODE = wholemodule;
				SWIFT_OPTIMIZATION_LEVEL = "-O";
				VALIDATE_PRODUCT = YES;
			};
			name = Release;
		};
		600129E322D0E463008B5CA7 /* Debug */ = {
			isa = XCBuildConfiguration;
			buildSettings = {
				ASSETCATALOG_COMPILER_APPICON_NAME = AppIcon;
				CODE_SIGN_STYLE = Automatic;
				DEVELOPMENT_TEAM = 7R2H7J9PW2;
				INFOPLIST_FILE = "$(SRCROOT)/ShoppingBasket/Resources/Info.plist";
				LD_RUNPATH_SEARCH_PATHS = (
					"$(inherited)",
					"@executable_path/Frameworks",
				);
				PRODUCT_BUNDLE_IDENTIFIER = com.blueantcorp.ShoppingBasket;
				PRODUCT_NAME = "$(TARGET_NAME)";
				SWIFT_VERSION = 5.0;
				TARGETED_DEVICE_FAMILY = "1,2";
			};
			name = Debug;
		};
		600129E422D0E463008B5CA7 /* Release */ = {
			isa = XCBuildConfiguration;
			buildSettings = {
				ASSETCATALOG_COMPILER_APPICON_NAME = AppIcon;
				CODE_SIGN_STYLE = Automatic;
				DEVELOPMENT_TEAM = 7R2H7J9PW2;
				INFOPLIST_FILE = "$(SRCROOT)/ShoppingBasket/Resources/Info.plist";
				LD_RUNPATH_SEARCH_PATHS = (
					"$(inherited)",
					"@executable_path/Frameworks",
				);
				PRODUCT_BUNDLE_IDENTIFIER = com.blueantcorp.ShoppingBasket;
				PRODUCT_NAME = "$(TARGET_NAME)";
				SWIFT_VERSION = 5.0;
				TARGETED_DEVICE_FAMILY = "1,2";
			};
			name = Release;
		};
		60BDB9C222D1CDFA006214A2 /* Debug */ = {
			isa = XCBuildConfiguration;
			buildSettings = {
				BUNDLE_LOADER = "$(TEST_HOST)";
				CLANG_ENABLE_MODULES = YES;
				CODE_SIGN_STYLE = Automatic;
				DEVELOPMENT_TEAM = 7R2H7J9PW2;
				INFOPLIST_FILE = ShoppingBasketTests/Info.plist;
				LD_RUNPATH_SEARCH_PATHS = (
					"$(inherited)",
					"@executable_path/Frameworks",
					"@loader_path/Frameworks",
				);
				PRODUCT_BUNDLE_IDENTIFIER = com.blueantcorp.ShoppingBasketTests;
				PRODUCT_NAME = "$(TARGET_NAME)";
				SWIFT_OPTIMIZATION_LEVEL = "-Onone";
				SWIFT_VERSION = 5.0;
				TARGETED_DEVICE_FAMILY = "1,2";
				TEST_HOST = "$(BUILT_PRODUCTS_DIR)/ShoppingBasket.app/ShoppingBasket";
			};
			name = Debug;
		};
		60BDB9C322D1CDFA006214A2 /* Release */ = {
			isa = XCBuildConfiguration;
			buildSettings = {
				BUNDLE_LOADER = "$(TEST_HOST)";
				CLANG_ENABLE_MODULES = YES;
				CODE_SIGN_STYLE = Automatic;
				DEVELOPMENT_TEAM = 7R2H7J9PW2;
				INFOPLIST_FILE = ShoppingBasketTests/Info.plist;
				LD_RUNPATH_SEARCH_PATHS = (
					"$(inherited)",
					"@executable_path/Frameworks",
					"@loader_path/Frameworks",
				);
				PRODUCT_BUNDLE_IDENTIFIER = com.blueantcorp.ShoppingBasketTests;
				PRODUCT_NAME = "$(TARGET_NAME)";
				SWIFT_VERSION = 5.0;
				TARGETED_DEVICE_FAMILY = "1,2";
				TEST_HOST = "$(BUILT_PRODUCTS_DIR)/ShoppingBasket.app/ShoppingBasket";
			};
			name = Release;
		};
/* End XCBuildConfiguration section */

/* Begin XCConfigurationList section */
		600129C022D0E45B008B5CA7 /* Build configuration list for PBXProject "ShoppingBasket" */ = {
			isa = XCConfigurationList;
			buildConfigurations = (
				600129E022D0E463008B5CA7 /* Debug */,
				600129E122D0E463008B5CA7 /* Release */,
			);
			defaultConfigurationIsVisible = 0;
			defaultConfigurationName = Release;
		};
		600129E222D0E463008B5CA7 /* Build configuration list for PBXNativeTarget "ShoppingBasket" */ = {
			isa = XCConfigurationList;
			buildConfigurations = (
				600129E322D0E463008B5CA7 /* Debug */,
				600129E422D0E463008B5CA7 /* Release */,
			);
			defaultConfigurationIsVisible = 0;
			defaultConfigurationName = Release;
		};
		60BDB9C122D1CDFA006214A2 /* Build configuration list for PBXNativeTarget "ShoppingBasketTests" */ = {
			isa = XCConfigurationList;
			buildConfigurations = (
				60BDB9C222D1CDFA006214A2 /* Debug */,
				60BDB9C322D1CDFA006214A2 /* Release */,
			);
			defaultConfigurationIsVisible = 0;
			defaultConfigurationName = Release;
		};
/* End XCConfigurationList section */
	};
	rootObject = 600129BD22D0E45B008B5CA7 /* Project object */;
}
